// !$*UTF8*$!
{
	archiveVersion = 1;
	classes = {
	};
	objectVersion = 50;
	objects = {

/* Begin PBXBuildFile section */
		293F66972172EAD10098D203 /* AppDelegate.swift in Sources */ = {isa = PBXBuildFile; fileRef = 293F66962172EAD10098D203 /* AppDelegate.swift */; };
		293F669E2172EAD30098D203 /* Assets.xcassets in Resources */ = {isa = PBXBuildFile; fileRef = 293F669D2172EAD30098D203 /* Assets.xcassets */; };
		293F66A12172EAD30098D203 /* LaunchScreen.storyboard in Resources */ = {isa = PBXBuildFile; fileRef = 293F669F2172EAD30098D203 /* LaunchScreen.storyboard */; };
		293F66AA2172EBCB0098D203 /* MainViewController.swift in Sources */ = {isa = PBXBuildFile; fileRef = 293F66A82172EBCB0098D203 /* MainViewController.swift */; };
		293F66AB2172EBCB0098D203 /* MainViewController.xib in Resources */ = {isa = PBXBuildFile; fileRef = 293F66A92172EBCB0098D203 /* MainViewController.xib */; };
		293F66B12172FA570098D203 /* TextFieldViewController.swift in Sources */ = {isa = PBXBuildFile; fileRef = 293F66AF2172FA570098D203 /* TextFieldViewController.swift */; };
		293F66B22172FA570098D203 /* TextFieldViewController.xib in Resources */ = {isa = PBXBuildFile; fileRef = 293F66B02172FA570098D203 /* TextFieldViewController.xib */; };
/* End PBXBuildFile section */

/* Begin PBXFileReference section */
		293F66932172EAD10098D203 /* iOSControl.app */ = {isa = PBXFileReference; explicitFileType = wrapper.application; includeInIndex = 0; path = iOSControl.app; sourceTree = BUILT_PRODUCTS_DIR; };
		293F66962172EAD10098D203 /* AppDelegate.swift */ = {isa = PBXFileReference; lastKnownFileType = sourcecode.swift; path = AppDelegate.swift; sourceTree = "<group>"; };
		293F669D2172EAD30098D203 /* Assets.xcassets */ = {isa = PBXFileReference; lastKnownFileType = folder.assetcatalog; path = Assets.xcassets; sourceTree = "<group>"; };
		293F66A02172EAD30098D203 /* Base */ = {isa = PBXFileReference; lastKnownFileType = file.storyboard; name = Base; path = Base.lproj/LaunchScreen.storyboard; sourceTree = "<group>"; };
		293F66A22172EAD30098D203 /* Info.plist */ = {isa = PBXFileReference; lastKnownFileType = text.plist.xml; path = Info.plist; sourceTree = "<group>"; };
		293F66A82172EBCB0098D203 /* MainViewController.swift */ = {isa = PBXFileReference; lastKnownFileType = sourcecode.swift; path = MainViewController.swift; sourceTree = "<group>"; };
		293F66A92172EBCB0098D203 /* MainViewController.xib */ = {isa = PBXFileReference; lastKnownFileType = file.xib; path = MainViewController.xib; sourceTree = "<group>"; };
		293F66AF2172FA570098D203 /* TextFieldViewController.swift */ = {isa = PBXFileReference; lastKnownFileType = sourcecode.swift; path = TextFieldViewController.swift; sourceTree = "<group>"; };
		293F66B02172FA570098D203 /* TextFieldViewController.xib */ = {isa = PBXFileReference; lastKnownFileType = file.xib; path = TextFieldViewController.xib; sourceTree = "<group>"; };
/* End PBXFileReference section */

/* Begin PBXFrameworksBuildPhase section */
		293F66902172EAD10098D203 /* Frameworks */ = {
			isa = PBXFrameworksBuildPhase;
			buildActionMask = 2147483647;
			files = (
			);
			runOnlyForDeploymentPostprocessing = 0;
		};
/* End PBXFrameworksBuildPhase section */

/* Begin PBXGroup section */
		293F668A2172EAD10098D203 = {
			isa = PBXGroup;
			children = (
				293F66952172EAD10098D203 /* iOSControl */,
				293F66942172EAD10098D203 /* Products */,
			);
			sourceTree = "<group>";
		};
		293F66942172EAD10098D203 /* Products */ = {
			isa = PBXGroup;
			children = (
				293F66932172EAD10098D203 /* iOSControl.app */,
			);
			name = Products;
			sourceTree = "<group>";
		};
		293F66952172EAD10098D203 /* iOSControl */ = {
			isa = PBXGroup;
			children = (
				293F66AD2172FA0E0098D203 /* GetureDemo */,
				293F66AC2172FA000098D203 /* ControlDemo */,
				293F66962172EAD10098D203 /* AppDelegate.swift */,
				293F669D2172EAD30098D203 /* Assets.xcassets */,
				293F669F2172EAD30098D203 /* LaunchScreen.storyboard */,
				293F66A22172EAD30098D203 /* Info.plist */,
				293F66A82172EBCB0098D203 /* MainViewController.swift */,
				293F66A92172EBCB0098D203 /* MainViewController.xib */,
			);
			path = iOSControl;
			sourceTree = "<group>";
		};
		293F66AC2172FA000098D203 /* ControlDemo */ = {
			isa = PBXGroup;
			children = (
				293F66AE2172FA230098D203 /* TextField */,
			);
			path = ControlDemo;
			sourceTree = "<group>";
		};
		293F66AD2172FA0E0098D203 /* GetureDemo */ = {
			isa = PBXGroup;
			children = (
			);
			path = GetureDemo;
			sourceTree = "<group>";
		};
		293F66AE2172FA230098D203 /* TextField */ = {
			isa = PBXGroup;
			children = (
				293F66AF2172FA570098D203 /* TextFieldViewController.swift */,
				293F66B02172FA570098D203 /* TextFieldViewController.xib */,
			);
			path = TextField;
			sourceTree = "<group>";
		};
/* End PBXGroup section */

/* Begin PBXNativeTarget section */
		293F66922172EAD10098D203 /* iOSControl */ = {
			isa = PBXNativeTarget;
			buildConfigurationList = 293F66A52172EAD30098D203 /* Build configuration list for PBXNativeTarget "iOSControl" */;
			buildPhases = (
				293F668F2172EAD10098D203 /* Sources */,
				293F66902172EAD10098D203 /* Frameworks */,
				293F66912172EAD10098D203 /* Resources */,
			);
			buildRules = (
			);
			dependencies = (
			);
			name = iOSControl;
			productName = iOSControl;
			productReference = 293F66932172EAD10098D203 /* iOSControl.app */;
			productType = "com.apple.product-type.application";
		};
/* End PBXNativeTarget section */

/* Begin PBXProject section */
		293F668B2172EAD10098D203 /* Project object */ = {
			isa = PBXProject;
			attributes = {
				LastSwiftUpdateCheck = 0940;
				LastUpgradeCheck = 0940;
				ORGANIZATIONNAME = "Tào Quỳnh ";
				TargetAttributes = {
					293F66922172EAD10098D203 = {
						CreatedOnToolsVersion = 9.4.1;
					};
				};
			};
			buildConfigurationList = 293F668E2172EAD10098D203 /* Build configuration list for PBXProject "iOSControl" */;
			compatibilityVersion = "Xcode 9.3";
			developmentRegion = en;
			hasScannedForEncodings = 0;
			knownRegions = (
				en,
				Base,
			);
			mainGroup = 293F668A2172EAD10098D203;
			productRefGroup = 293F66942172EAD10098D203 /* Products */;
			projectDirPath = "";
			projectRoot = "";
			targets = (
				293F66922172EAD10098D203 /* iOSControl */,
			);
		};
/* End PBXProject section */

/* Begin PBXResourcesBuildPhase section */
		293F66912172EAD10098D203 /* Resources */ = {
			isa = PBXResourcesBuildPhase;
			buildActionMask = 2147483647;
			files = (
				293F66B22172FA570098D203 /* TextFieldViewController.xib in Resources */,
				293F66A12172EAD30098D203 /* LaunchScreen.storyboard in Resources */,
				293F66AB2172EBCB0098D203 /* MainViewController.xib in Resources */,
				293F669E2172EAD30098D203 /* Assets.xcassets in Resources */,
			);
			runOnlyForDeploymentPostprocessing = 0;
		};
/* End PBXResourcesBuildPhase section */

/* Begin PBXSourcesBuildPhase section */
		293F668F2172EAD10098D203 /* Sources */ = {
			isa = PBXSourcesBuildPhase;
			buildActionMask = 2147483647;
			files = (
				293F66972172EAD10098D203 /* AppDelegate.swift in Sources */,
				293F66AA2172EBCB0098D203 /* MainViewController.swift in Sources */,
				293F66B12172FA570098D203 /* TextFieldViewController.swift in Sources */,
			);
			runOnlyForDeploymentPostprocessing = 0;
		};
/* End PBXSourcesBuildPhase section */

/* Begin PBXVariantGroup section */
		293F669F2172EAD30098D203 /* LaunchScreen.storyboard */ = {
			isa = PBXVariantGroup;
			children = (
				293F66A02172EAD30098D203 /* Base */,
			);
			name = LaunchScreen.storyboard;
			sourceTree = "<group>";
		};
/* End PBXVariantGroup section */

/* Begin XCBuildConfiguration section */
		293F66A32172EAD30098D203 /* Debug */ = {
			isa = XCBuildConfiguration;
			buildSettings = {
				ALWAYS_SEARCH_USER_PATHS = NO;
				CLANG_ANALYZER_NONNULL = YES;
				CLANG_ANALYZER_NUMBER_OBJECT_CONVERSION = YES_AGGRESSIVE;
				CLANG_CXX_LANGUAGE_STANDARD = "gnu++14";
				CLANG_CXX_LIBRARY = "libc++";
				CLANG_ENABLE_MODULES = YES;
				CLANG_ENABLE_OBJC_ARC = YES;
				CLANG_ENABLE_OBJC_WEAK = YES;
				CLANG_WARN_BLOCK_CAPTURE_AUTORELEASING = YES;
				CLANG_WARN_BOOL_CONVERSION = YES;
				CLANG_WARN_COMMA = YES;
				CLANG_WARN_CONSTANT_CONVERSION = YES;
				CLANG_WARN_DEPRECATED_OBJC_IMPLEMENTATIONS = YES;
				CLANG_WARN_DIRECT_OBJC_ISA_USAGE = YES_ERROR;
				CLANG_WARN_DOCUMENTATION_COMMENTS = YES;
				CLANG_WARN_EMPTY_BODY = YES;
				CLANG_WARN_ENUM_CONVERSION = YES;
				CLANG_WARN_INFINITE_RECURSION = YES;
				CLANG_WARN_INT_CONVERSION = YES;
				CLANG_WARN_NON_LITERAL_NULL_CONVERSION = YES;
				CLANG_WARN_OBJC_IMPLICIT_RETAIN_SELF = YES;
				CLANG_WARN_OBJC_LITERAL_CONVERSION = YES;
				CLANG_WARN_OBJC_ROOT_CLASS = YES_ERROR;
				CLANG_WARN_RANGE_LOOP_ANALYSIS = YES;
				CLANG_WARN_STRICT_PROTOTYPES = YES;
				CLANG_WARN_SUSPICIOUS_MOVE = YES;
				CLANG_WARN_UNGUARDED_AVAILABILITY = YES_AGGRESSIVE;
				CLANG_WARN_UNREACHABLE_CODE = YES;
				CLANG_WARN__DUPLICATE_METHOD_MATCH = YES;
				CODE_SIGN_IDENTITY = "iPhone Developer";
				COPY_PHASE_STRIP = NO;
				DEBUG_INFORMATION_FORMAT = dwarf;
				ENABLE_STRICT_OBJC_MSGSEND = YES;
				ENABLE_TESTABILITY = YES;
				GCC_C_LANGUAGE_STANDARD = gnu11;
				GCC_DYNAMIC_NO_PIC = NO;
				GCC_NO_COMMON_BLOCKS = YES;
				GCC_OPTIMIZATION_LEVEL = 0;
				GCC_PREPROCESSOR_DEFINITIONS = (
					"DEBUG=1",
					"$(inherited)",
				);
				GCC_WARN_64_TO_32_BIT_CONVERSION = YES;
				GCC_WARN_ABOUT_RETURN_TYPE = YES_ERROR;
				GCC_WARN_UNDECLARED_SELECTOR = YES;
				GCC_WARN_UNINITIALIZED_AUTOS = YES_AGGRESSIVE;
				GCC_WARN_UNUSED_FUNCTION = YES;
				GCC_WARN_UNUSED_VARIABLE = YES;
				IPHONEOS_DEPLOYMENT_TARGET = 11.4;
				MTL_ENABLE_DEBUG_INFO = YES;
				ONLY_ACTIVE_ARCH = YES;
				SDKROOT = iphoneos;
				SWIFT_ACTIVE_COMPILATION_CONDITIONS = DEBUG;
				SWIFT_OPTIMIZATION_LEVEL = "-Onone";
			};
			name = Debug;
		};
		293F66A42172EAD30098D203 /* Release */ = {
			isa = XCBuildConfiguration;
			buildSettings = {
				ALWAYS_SEARCH_USER_PATHS = NO;
				CLANG_ANALYZER_NONNULL = YES;
				CLANG_ANALYZER_NUMBER_OBJECT_CONVERSION = YES_AGGRESSIVE;
				CLANG_CXX_LANGUAGE_STANDARD = "gnu++14";
				CLANG_CXX_LIBRARY = "libc++";
				CLANG_ENABLE_MODULES = YES;
				CLANG_ENABLE_OBJC_ARC = YES;
				CLANG_ENABLE_OBJC_WEAK = YES;
				CLANG_WARN_BLOCK_CAPTURE_AUTORELEASING = YES;
				CLANG_WARN_BOOL_CONVERSION = YES;
				CLANG_WARN_COMMA = YES;
				CLANG_WARN_CONSTANT_CONVERSION = YES;
				CLANG_WARN_DEPRECATED_OBJC_IMPLEMENTATIONS = YES;
				CLANG_WARN_DIRECT_OBJC_ISA_USAGE = YES_ERROR;
				CLANG_WARN_DOCUMENTATION_COMMENTS = YES;
				CLANG_WARN_EMPTY_BODY = YES;
				CLANG_WARN_ENUM_CONVERSION = YES;
				CLANG_WARN_INFINITE_RECURSION = YES;
				CLANG_WARN_INT_CONVERSION = YES;
				CLANG_WARN_NON_LITERAL_NULL_CONVERSION = YES;
				CLANG_WARN_OBJC_IMPLICIT_RETAIN_SELF = YES;
				CLANG_WARN_OBJC_LITERAL_CONVERSION = YES;
				CLANG_WARN_OBJC_ROOT_CLASS = YES_ERROR;
				CLANG_WARN_RANGE_LOOP_ANALYSIS = YES;
				CLANG_WARN_STRICT_PROTOTYPES = YES;
				CLANG_WARN_SUSPICIOUS_MOVE = YES;
				CLANG_WARN_UNGUARDED_AVAILABILITY = YES_AGGRESSIVE;
				CLANG_WARN_UNREACHABLE_CODE = YES;
				CLANG_WARN__DUPLICATE_METHOD_MATCH = YES;
				CODE_SIGN_IDENTITY = "iPhone Developer";
				COPY_PHASE_STRIP = NO;
				DEBUG_INFORMATION_FORMAT = "dwarf-with-dsym";
				ENABLE_NS_ASSERTIONS = NO;
				ENABLE_STRICT_OBJC_MSGSEND = YES;
				GCC_C_LANGUAGE_STANDARD = gnu11;
				GCC_NO_COMMON_BLOCKS = YES;
				GCC_WARN_64_TO_32_BIT_CONVERSION = YES;
				GCC_WARN_ABOUT_RETURN_TYPE = YES_ERROR;
				GCC_WARN_UNDECLARED_SELECTOR = YES;
				GCC_WARN_UNINITIALIZED_AUTOS = YES_AGGRESSIVE;
				GCC_WARN_UNUSED_FUNCTION = YES;
				GCC_WARN_UNUSED_VARIABLE = YES;
				IPHONEOS_DEPLOYMENT_TARGET = 11.4;
				MTL_ENABLE_DEBUG_INFO = NO;
				SDKROOT = iphoneos;
				SWIFT_COMPILATION_MODE = wholemodule;
				SWIFT_OPTIMIZATION_LEVEL = "-O";
				VALIDATE_PRODUCT = YES;
			};
			name = Release;
		};
		293F66A62172EAD30098D203 /* Debug */ = {
			isa = XCBuildConfiguration;
			buildSettings = {
				ASSETCATALOG_COMPILER_APPICON_NAME = AppIcon;
				CODE_SIGN_STYLE = Automatic;
				DEVELOPMENT_TEAM = XB7Y8Y68SR;
				INFOPLIST_FILE = iOSControl/Info.plist;
				LD_RUNPATH_SEARCH_PATHS = (
					"$(inherited)",
					"@executable_path/Frameworks",
				);
				PRODUCT_BUNDLE_IDENTIFIER = com.taoquynh.iOSControl;
				PRODUCT_NAME = "$(TARGET_NAME)";
				SWIFT_VERSION = 4.0;
				TARGETED_DEVICE_FAMILY = "1,2";
			};
			name = Debug;
		};
		293F66A72172EAD30098D203 /* Release */ = {
			isa = XCBuildConfiguration;
			buildSettings = {
				ASSETCATALOG_COMPILER_APPICON_NAME = AppIcon;
				CODE_SIGN_STYLE = Automatic;
				DEVELOPMENT_TEAM = XB7Y8Y68SR;
				INFOPLIST_FILE = iOSControl/Info.plist;
				LD_RUNPATH_SEARCH_PATHS = (
					"$(inherited)",
					"@executable_path/Frameworks",
				);
				PRODUCT_BUNDLE_IDENTIFIER = com.taoquynh.iOSControl;
				PRODUCT_NAME = "$(TARGET_NAME)";
				SWIFT_VERSION = 4.0;
				TARGETED_DEVICE_FAMILY = "1,2";
			};
			name = Release;
		};
/* End XCBuildConfiguration section */

/* Begin XCConfigurationList section */
		293F668E2172EAD10098D203 /* Build configuration list for PBXProject "iOSControl" */ = {
			isa = XCConfigurationList;
			buildConfigurations = (
				293F66A32172EAD30098D203 /* Debug */,
				293F66A42172EAD30098D203 /* Release */,
			);
			defaultConfigurationIsVisible = 0;
			defaultConfigurationName = Release;
		};
		293F66A52172EAD30098D203 /* Build configuration list for PBXNativeTarget "iOSControl" */ = {
			isa = XCConfigurationList;
			buildConfigurations = (
				293F66A62172EAD30098D203 /* Debug */,
				293F66A72172EAD30098D203 /* Release */,
			);
			defaultConfigurationIsVisible = 0;
			defaultConfigurationName = Release;
		};
/* End XCConfigurationList section */
	};
	rootObject = 293F668B2172EAD10098D203 /* Project object */;
}
